
Microsoft Visual Studio Solution File, Format Version 12.00
# Visual Studio Version 16
VisualStudioVersion = 16.0.30011.22
MinimumVisualStudioVersion = 10.0.40219.1
Project("{FAE04EC0-301F-11D3-BF4B-00C04F79EFBC}") = "MegaDesk", "MegaDesk\MegaDesk.csproj", "{570C9ED8-11E7-4CE2-940C-C9403B27381C}"
EndProject
Global
	GlobalSection(SolutionConfigurationPlatforms) = preSolution
		Debug|Any CPU = Debug|Any CPU
		Release|Any CPU = Release|Any CPU
	EndGlobalSection
	GlobalSection(ProjectConfigurationPlatforms) = postSolution
		{570C9ED8-11E7-4CE2-940C-C9403B27381C}.Debug|Any CPU.ActiveCfg = Debug|Any CPU
		{570C9ED8-11E7-4CE2-940C-C9403B27381C}.Debug|Any CPU.Build.0 = Debug|Any CPU
		{570C9ED8-11E7-4CE2-940C-C9403B27381C}.Release|Any CPU.ActiveCfg = Release|Any CPU
		{570C9ED8-11E7-4CE2-940C-C9403B27381C}.Release|Any CPU.Build.0 = Release|Any CPU
	EndGlobalSection
	GlobalSection(SolutionProperties) = preSolution
		HideSolutionNode = FALSE
	EndGlobalSection
	GlobalSection(ExtensibilityGlobals) = postSolution
		SolutionGuid = {7A334134-C623-4E93-9162-36A3D341D277}
	EndGlobalSection
EndGlobal
